
Microsoft Visual Studio Solution File, Format Version 12.00
# Visual Studio Version 17
VisualStudioVersion = 17.3.32901.215
MinimumVisualStudioVersion = 10.0.40219.1
Project("{FAE04EC0-301F-11D3-BF4B-00C04F79EFBC}") = "CW_2022_2111_2229", "CW_2022_2111_2229\CW_2022_2111_2229.csproj", "{3FE1F9B2-4817-4A52-9130-3517AA03C0AD}"
EndProject
Global
	GlobalSection(SolutionConfigurationPlatforms) = preSolution
		Debug|Any CPU = Debug|Any CPU
		Release|Any CPU = Release|Any CPU
	EndGlobalSection
	GlobalSection(ProjectConfigurationPlatforms) = postSolution
		{3FE1F9B2-4817-4A52-9130-3517AA03C0AD}.Debug|Any CPU.ActiveCfg = Debug|Any CPU
		{3FE1F9B2-4817-4A52-9130-3517AA03C0AD}.Debug|Any CPU.Build.0 = Debug|Any CPU
		{3FE1F9B2-4817-4A52-9130-3517AA03C0AD}.Release|Any CPU.ActiveCfg = Release|Any CPU
		{3FE1F9B2-4817-4A52-9130-3517AA03C0AD}.Release|Any CPU.Build.0 = Release|Any CPU
	EndGlobalSection
	GlobalSection(SolutionProperties) = preSolution
		HideSolutionNode = FALSE
	EndGlobalSection
	GlobalSection(ExtensibilityGlobals) = postSolution
		SolutionGuid = {25588AFD-C08C-4452-A307-F5E3328430B1}
	EndGlobalSection
EndGlobal
